{
  "version": 4,
  "terraform_version": "1.11.3",
  "serial": 11,
  "lineage": "ab84e9f9-58e1-da32-0031-76bd7bff0e41",
  "outputs": {
    "public_ip_address": {
      "value": "20.74.230.182",
      "type": "string"
    }
  },
  "resources": [
    {
      "mode": "managed",
      "type": "azurerm_linux_virtual_machine",
      "name": "vm",
      "provider": "provider[\"registry.terraform.io/hashicorp/azurerm\"]",
      "instances": [
        {
          "schema_version": 0,
          "attributes": {
            "additional_capabilities": [],
            "admin_password": null,
            "admin_ssh_key": [
              {
                "public_key": "ssh-rsa AAAAB3NzaC1yc2EAAAADAQABAAABAQDJ0vXR6SUecNf4DSZPw9pOtMI4efFhQUs5h0OcjAdPXcaMuqdWUtoqgkjwSg5F0vR0aCwqH944IAVSS/xznx08wJBzcB6MGvnVSgxLhVj2BT09a7HyUP4kYrg36yUUcfBX1wB2+BbxkYTPzZ0poIVlzhBLnCZbLXyTk+daib9a88A6Bd/WvpqBHriCu3tem+4g8SYK+Mv35zCZvQFzFI6L0+MLgFNjoPDBzeIHYBEmx7FiCEaRLy7lbMGL70e4rbKkYqbNEOX4xi61SR4/YMf5pLInsWdivo6XwW6nRVHqqJGghsmtcmpEIsLGqtCtsCXAQm/EFeos/LO6cjaOGbAn omart@Tayel\r\n",
                "username": "azureuser"
              }
            ],
            "admin_username": "azureuser",
            "allow_extension_operations": true,
            "availability_set_id": "",
            "boot_diagnostics": [],
            "bypass_platform_safety_checks_on_user_schedule_enabled": false,
            "capacity_reservation_group_id": "",
            "computer_name": "chroma-instance",
            "custom_data": "IyEvYmluL2Jhc2gKVVNFUj1jaHJvbWEKdXNlcmFkZCAtbSAtcyAvYmluL2Jhc2ggJFVTRVIKYXB0LWdldCB1cGRhdGUKYXB0LWdldCBpbnN0YWxsIC15IGRvY2tlci5pbwp1c2VybW9kIC1hRyBkb2NrZXIgJFVTRVIKY3VybCAtTCAiaHR0cHM6Ly9naXRodWIuY29tL2RvY2tlci9jb21wb3NlL3JlbGVhc2VzL2xhdGVzdC9kb3dubG9hZC9kb2NrZXItY29tcG9zZS1cJCh1bmFtZSAtcyktXCQodW5hbWUgLW0pIiAtbyAvdXNyL2xvY2FsL2Jpbi9kb2NrZXItY29tcG9zZQpjaG1vZCAreCAvdXNyL2xvY2FsL2Jpbi9kb2NrZXItY29tcG9zZQpsbiAtcyAvdXNyL2xvY2FsL2Jpbi9kb2NrZXItY29tcG9zZSAvdXNyL2Jpbi9kb2NrZXItY29tcG9zZQpzeXN0ZW1jdGwgZW5hYmxlIGRvY2tlcgpzeXN0ZW1jdGwgc3RhcnQgZG9ja2VyCgpta2RpciAtcCAvaG9tZS9cJFVTRVIvY29uZmlnCmN1cmwgLW8gL2hvbWUvXCRVU0VSL2RvY2tlci1jb21wb3NlLnltbCBodHRwczovL3MzLmFtYXpvbmF3cy5jb20vcHVibGljLnRyeWNocm9tYS5jb20vY2xvdWRmb3JtYXRpb24vYXNzZXRzL2RvY2tlci1jb21wb3NlLnltbApzZWQgLWkgInMvQ0hST01BX1ZFUlNJT04vMS4wLjAvZyIgL2hvbWUvXCRVU0VSL2RvY2tlci1jb21wb3NlLnltbAoKIyBDcmVhdGUgLmVudiBmaWxlCmVjaG8gIkNIUk9NQV9PUEVOX1RFTEVNRVRSWV9fRU5EUE9JTlQ9IiA+PiAvaG9tZS9cJFVTRVIvLmVudgplY2hvICJDSFJPTUFfT1BFTl9URUxFTUVUUllfX1NFUlZJQ0VfTkFNRT0iID4+IC9ob21lL1wkVVNFUi8uZW52CmVjaG8gIk9URUxfRVhQT1JURVJfT1RMUF9IRUFERVJTPXt9IiA+PiAvaG9tZS9cJFVTRVIvLmVudgoKY2hvd24gXCRVU0VSOlwkVVNFUiAvaG9tZS9cJFVTRVIvLmVudiAvaG9tZS9cJFVTRVIvZG9ja2VyLWNvbXBvc2UueW1sCmNkIC9ob21lL1wkVVNFUgpzdWRvIC11IFwkVVNFUiBkb2NrZXItY29tcG9zZSB1cCAtZAo=",
            "dedicated_host_group_id": "",
            "dedicated_host_id": "",
            "disable_password_authentication": true,
            "disk_controller_type": "",
            "edge_zone": "",
            "encryption_at_host_enabled": false,
            "eviction_policy": "",
            "extensions_time_budget": "PT1H30M",
            "gallery_application": [],
            "id": "/subscriptions/891f782d-b52c-4762-bff6-741485ee1980/resourceGroups/my-chroma-resource-group/providers/Microsoft.Compute/virtualMachines/chroma-instance",
            "identity": [],
            "license_type": "",
            "location": "uaenorth",
            "max_bid_price": -1,
            "name": "chroma-instance",
            "network_interface_ids": [
              "/subscriptions/891f782d-b52c-4762-bff6-741485ee1980/resourceGroups/my-chroma-resource-group/providers/Microsoft.Network/networkInterfaces/chroma-instance-nic"
            ],
            "os_disk": [
              {
                "caching": "ReadWrite",
                "diff_disk_settings": [],
                "disk_encryption_set_id": "",
                "disk_size_gb": 30,
                "id": "/subscriptions/891f782d-b52c-4762-bff6-741485ee1980/resourceGroups/my-chroma-resource-group/providers/Microsoft.Compute/disks/chroma-instance_OsDisk_1_b9c1c39c19fb497d9c223739eac59da4",
                "name": "chroma-instance_OsDisk_1_b9c1c39c19fb497d9c223739eac59da4",
                "secure_vm_disk_encryption_set_id": "",
                "security_encryption_type": "",
                "storage_account_type": "Standard_LRS",
                "write_accelerator_enabled": false
              }
            ],
            "os_image_notification": [],
            "patch_assessment_mode": "ImageDefault",
            "patch_mode": "ImageDefault",
            "plan": [],
            "platform_fault_domain": -1,
            "priority": "Regular",
            "private_ip_address": "10.0.1.4",
            "private_ip_addresses": [
              "10.0.1.4"
            ],
            "provision_vm_agent": true,
            "proximity_placement_group_id": "",
            "public_ip_address": "20.74.230.182",
            "public_ip_addresses": [
              "20.74.230.182"
            ],
            "reboot_setting": "",
            "resource_group_name": "my-chroma-resource-group",
            "secret": [],
            "secure_boot_enabled": false,
            "size": "Standard_B1s",
            "source_image_id": "",
            "source_image_reference": [
              {
                "offer": "debian-11",
                "publisher": "Debian",
                "sku": "11",
                "version": "latest"
              }
            ],
            "tags": null,
            "termination_notification": null,
            "timeouts": null,
            "user_data": "",
            "virtual_machine_id": "f75f1dd1-13e8-4341-a2f1-f13755660d77",
            "virtual_machine_scale_set_id": "",
            "vm_agent_platform_updates_enabled": false,
            "vtpm_enabled": false,
            "zone": ""
          },
          "sensitive_attributes": [
            [
              {
                "type": "get_attr",
                "value": "admin_password"
              }
            ],
            [
              {
                "type": "get_attr",
                "value": "custom_data"
              }
            ]
          ],
          "private": "eyJlMmJmYjczMC1lY2FhLTExZTYtOGY4OC0zNDM2M2JjN2M0YzAiOnsiY3JlYXRlIjoyNzAwMDAwMDAwMDAwLCJkZWxldGUiOjI3MDAwMDAwMDAwMDAsInJlYWQiOjMwMDAwMDAwMDAwMCwidXBkYXRlIjoyNzAwMDAwMDAwMDAwfX0=",
          "dependencies": [
            "azurerm_network_interface.nic",
            "azurerm_public_ip.public_ip",
            "azurerm_resource_group.rg",
            "azurerm_subnet.subnet",
            "azurerm_virtual_network.vnet"
          ]
        }
      ]
    },
    {
      "mode": "managed",
      "type": "azurerm_network_interface",
      "name": "nic",
      "provider": "provider[\"registry.terraform.io/hashicorp/azurerm\"]",
      "instances": [
        {
          "schema_version": 0,
          "attributes": {
            "accelerated_networking_enabled": false,
            "applied_dns_servers": [],
            "auxiliary_mode": "",
            "auxiliary_sku": "",
            "dns_servers": [],
            "edge_zone": "",
            "id": "/subscriptions/891f782d-b52c-4762-bff6-741485ee1980/resourceGroups/my-chroma-resource-group/providers/Microsoft.Network/networkInterfaces/chroma-instance-nic",
            "internal_dns_name_label": "",
            "internal_domain_name_suffix": "ze4kz2hjzgpunoliw30pbwq35e.dxbx.internal.cloudapp.net",
            "ip_configuration": [
              {
                "gateway_load_balancer_frontend_ip_configuration_id": "",
                "name": "ipconfig1",
                "primary": true,
                "private_ip_address": "10.0.1.4",
                "private_ip_address_allocation": "Dynamic",
                "private_ip_address_version": "IPv4",
                "public_ip_address_id": "/subscriptions/891f782d-b52c-4762-bff6-741485ee1980/resourceGroups/my-chroma-resource-group/providers/Microsoft.Network/publicIPAddresses/chroma-instance-publicip",
                "subnet_id": "/subscriptions/891f782d-b52c-4762-bff6-741485ee1980/resourceGroups/my-chroma-resource-group/providers/Microsoft.Network/virtualNetworks/chroma-instance-vnet/subnets/chroma-instance-subnet"
              }
            ],
            "ip_forwarding_enabled": false,
            "location": "uaenorth",
            "mac_address": "",
            "name": "chroma-instance-nic",
            "private_ip_address": "10.0.1.4",
            "private_ip_addresses": [
              "10.0.1.4"
            ],
            "resource_group_name": "my-chroma-resource-group",
            "tags": {},
            "timeouts": null,
            "virtual_machine_id": ""
          },
          "sensitive_attributes": [],
          "private": "eyJlMmJmYjczMC1lY2FhLTExZTYtOGY4OC0zNDM2M2JjN2M0YzAiOnsiY3JlYXRlIjoxODAwMDAwMDAwMDAwLCJkZWxldGUiOjE4MDAwMDAwMDAwMDAsInJlYWQiOjMwMDAwMDAwMDAwMCwidXBkYXRlIjoxODAwMDAwMDAwMDAwfX0=",
          "dependencies": [
            "azurerm_public_ip.public_ip",
            "azurerm_resource_group.rg",
            "azurerm_subnet.subnet",
            "azurerm_virtual_network.vnet"
          ]
        }
      ]
    },
    {
      "mode": "managed",
      "type": "azurerm_network_interface_security_group_association",
      "name": "nsg_association",
      "provider": "provider[\"registry.terraform.io/hashicorp/azurerm\"]",
      "instances": [
        {
          "schema_version": 0,
          "attributes": {
            "id": "/subscriptions/891f782d-b52c-4762-bff6-741485ee1980/resourceGroups/my-chroma-resource-group/providers/Microsoft.Network/networkInterfaces/chroma-instance-nic|/subscriptions/891f782d-b52c-4762-bff6-741485ee1980/resourceGroups/my-chroma-resource-group/providers/Microsoft.Network/networkSecurityGroups/chroma-instance-nsg",
            "network_interface_id": "/subscriptions/891f782d-b52c-4762-bff6-741485ee1980/resourceGroups/my-chroma-resource-group/providers/Microsoft.Network/networkInterfaces/chroma-instance-nic",
            "network_security_group_id": "/subscriptions/891f782d-b52c-4762-bff6-741485ee1980/resourceGroups/my-chroma-resource-group/providers/Microsoft.Network/networkSecurityGroups/chroma-instance-nsg",
            "timeouts": null
          },
          "sensitive_attributes": [],
          "private": "eyJlMmJmYjczMC1lY2FhLTExZTYtOGY4OC0zNDM2M2JjN2M0YzAiOnsiY3JlYXRlIjoxODAwMDAwMDAwMDAwLCJkZWxldGUiOjE4MDAwMDAwMDAwMDAsInJlYWQiOjMwMDAwMDAwMDAwMH19",
          "dependencies": [
            "azurerm_network_interface.nic",
            "azurerm_network_security_group.nsg",
            "azurerm_public_ip.public_ip",
            "azurerm_resource_group.rg",
            "azurerm_subnet.subnet",
            "azurerm_virtual_network.vnet"
          ]
        }
      ]
    },
    {
      "mode": "managed",
      "type": "azurerm_network_security_group",
      "name": "nsg",
      "provider": "provider[\"registry.terraform.io/hashicorp/azurerm\"]",
      "instances": [
        {
          "schema_version": 0,
          "attributes": {
            "id": "/subscriptions/891f782d-b52c-4762-bff6-741485ee1980/resourceGroups/my-chroma-resource-group/providers/Microsoft.Network/networkSecurityGroups/chroma-instance-nsg",
            "location": "uaenorth",
            "name": "chroma-instance-nsg",
            "resource_group_name": "my-chroma-resource-group",
            "security_rule": [
              {
                "access": "Allow",
                "description": "",
                "destination_address_prefix": "*",
                "destination_address_prefixes": [],
                "destination_application_security_group_ids": [],
                "destination_port_range": "22",
                "destination_port_ranges": [],
                "direction": "Inbound",
                "name": "AllowSSH",
                "priority": 1001,
                "protocol": "Tcp",
                "source_address_prefix": "*",
                "source_address_prefixes": [],
                "source_application_security_group_ids": [],
                "source_port_range": "*",
                "source_port_ranges": []
              },
              {
                "access": "Allow",
                "description": "",
                "destination_address_prefix": "*",
                "destination_address_prefixes": [],
                "destination_application_security_group_ids": [],
                "destination_port_range": "8000",
                "destination_port_ranges": [],
                "direction": "Inbound",
                "name": "AllowHTTP",
                "priority": 1002,
                "protocol": "Tcp",
                "source_address_prefix": "*",
                "source_address_prefixes": [],
                "source_application_security_group_ids": [],
                "source_port_range": "*",
                "source_port_ranges": []
              }
            ],
            "tags": {},
            "timeouts": null
          },
          "sensitive_attributes": [],
          "private": "eyJlMmJmYjczMC1lY2FhLTExZTYtOGY4OC0zNDM2M2JjN2M0YzAiOnsiY3JlYXRlIjoxODAwMDAwMDAwMDAwLCJkZWxldGUiOjE4MDAwMDAwMDAwMDAsInJlYWQiOjMwMDAwMDAwMDAwMCwidXBkYXRlIjoxODAwMDAwMDAwMDAwfX0=",
          "dependencies": [
            "azurerm_resource_group.rg"
          ]
        }
      ]
    },
    {
      "mode": "managed",
      "type": "azurerm_public_ip",
      "name": "public_ip",
      "provider": "provider[\"registry.terraform.io/hashicorp/azurerm\"]",
      "instances": [
        {
          "schema_version": 0,
          "attributes": {
            "allocation_method": "Static",
            "ddos_protection_mode": "VirtualNetworkInherited",
            "ddos_protection_plan_id": null,
            "domain_name_label": null,
            "domain_name_label_scope": null,
            "edge_zone": "",
            "fqdn": null,
            "id": "/subscriptions/891f782d-b52c-4762-bff6-741485ee1980/resourceGroups/my-chroma-resource-group/providers/Microsoft.Network/publicIPAddresses/chroma-instance-publicip",
            "idle_timeout_in_minutes": 4,
            "ip_address": "20.74.230.182",
            "ip_tags": {},
            "ip_version": "IPv4",
            "location": "uaenorth",
            "name": "chroma-instance-publicip",
            "public_ip_prefix_id": null,
            "resource_group_name": "my-chroma-resource-group",
            "reverse_fqdn": null,
            "sku": "Standard",
            "sku_tier": "Regional",
            "tags": {},
            "timeouts": null,
            "zones": []
          },
          "sensitive_attributes": [],
          "private": "eyJlMmJmYjczMC1lY2FhLTExZTYtOGY4OC0zNDM2M2JjN2M0YzAiOnsiY3JlYXRlIjoxODAwMDAwMDAwMDAwLCJkZWxldGUiOjE4MDAwMDAwMDAwMDAsInJlYWQiOjMwMDAwMDAwMDAwMCwidXBkYXRlIjoxODAwMDAwMDAwMDAwfX0=",
          "dependencies": [
            "azurerm_resource_group.rg"
          ]
        }
      ]
    },
    {
      "mode": "managed",
      "type": "azurerm_resource_group",
      "name": "rg",
      "provider": "provider[\"registry.terraform.io/hashicorp/azurerm\"]",
      "instances": [
        {
          "schema_version": 0,
          "attributes": {
            "id": "/subscriptions/891f782d-b52c-4762-bff6-741485ee1980/resourceGroups/my-chroma-resource-group",
            "location": "uaenorth",
            "managed_by": "",
            "name": "my-chroma-resource-group",
            "tags": {},
            "timeouts": null
          },
          "sensitive_attributes": [],
          "private": "eyJlMmJmYjczMC1lY2FhLTExZTYtOGY4OC0zNDM2M2JjN2M0YzAiOnsiY3JlYXRlIjo1NDAwMDAwMDAwMDAwLCJkZWxldGUiOjU0MDAwMDAwMDAwMDAsInJlYWQiOjMwMDAwMDAwMDAwMCwidXBkYXRlIjo1NDAwMDAwMDAwMDAwfX0="
        }
      ]
    },
    {
      "mode": "managed",
      "type": "azurerm_subnet",
      "name": "subnet",
      "provider": "provider[\"registry.terraform.io/hashicorp/azurerm\"]",
      "instances": [
        {
          "schema_version": 0,
          "attributes": {
            "address_prefixes": [
              "10.0.1.0/24"
            ],
            "default_outbound_access_enabled": true,
            "delegation": [],
            "id": "/subscriptions/891f782d-b52c-4762-bff6-741485ee1980/resourceGroups/my-chroma-resource-group/providers/Microsoft.Network/virtualNetworks/chroma-instance-vnet/subnets/chroma-instance-subnet",
            "name": "chroma-instance-subnet",
            "private_endpoint_network_policies": "Disabled",
            "private_link_service_network_policies_enabled": true,
            "resource_group_name": "my-chroma-resource-group",
            "service_endpoint_policy_ids": [],
            "service_endpoints": [],
            "timeouts": null,
            "virtual_network_name": "chroma-instance-vnet"
          },
          "sensitive_attributes": [],
          "private": "eyJlMmJmYjczMC1lY2FhLTExZTYtOGY4OC0zNDM2M2JjN2M0YzAiOnsiY3JlYXRlIjoxODAwMDAwMDAwMDAwLCJkZWxldGUiOjE4MDAwMDAwMDAwMDAsInJlYWQiOjMwMDAwMDAwMDAwMCwidXBkYXRlIjoxODAwMDAwMDAwMDAwfX0=",
          "dependencies": [
            "azurerm_resource_group.rg",
            "azurerm_virtual_network.vnet"
          ]
        }
      ]
    },
    {
      "mode": "managed",
      "type": "azurerm_virtual_network",
      "name": "vnet",
      "provider": "provider[\"registry.terraform.io/hashicorp/azurerm\"]",
      "instances": [
        {
          "schema_version": 0,
          "attributes": {
            "address_space": [
              "10.0.0.0/16"
            ],
            "bgp_community": "",
            "ddos_protection_plan": [],
            "dns_servers": [],
            "edge_zone": "",
            "encryption": [],
            "flow_timeout_in_minutes": 0,
            "guid": "f0ac3cc9-c9e9-469f-b968-b774f0da1dfc",
            "id": "/subscriptions/891f782d-b52c-4762-bff6-741485ee1980/resourceGroups/my-chroma-resource-group/providers/Microsoft.Network/virtualNetworks/chroma-instance-vnet",
            "location": "uaenorth",
            "name": "chroma-instance-vnet",
            "private_endpoint_vnet_policies": "Disabled",
            "resource_group_name": "my-chroma-resource-group",
            "subnet": [
              {
                "address_prefixes": [
                  "10.0.1.0/24"
                ],
                "default_outbound_access_enabled": true,
                "delegation": [],
                "id": "/subscriptions/891f782d-b52c-4762-bff6-741485ee1980/resourceGroups/my-chroma-resource-group/providers/Microsoft.Network/virtualNetworks/chroma-instance-vnet/subnets/chroma-instance-subnet",
                "name": "chroma-instance-subnet",
                "private_endpoint_network_policies": "Disabled",
                "private_link_service_network_policies_enabled": true,
                "route_table_id": "",
                "security_group": "",
                "service_endpoint_policy_ids": [],
                "service_endpoints": []
              }
            ],
            "tags": {},
            "timeouts": null
          },
          "sensitive_attributes": [],
          "private": "eyJlMmJmYjczMC1lY2FhLTExZTYtOGY4OC0zNDM2M2JjN2M0YzAiOnsiY3JlYXRlIjoxODAwMDAwMDAwMDAwLCJkZWxldGUiOjE4MDAwMDAwMDAwMDAsInJlYWQiOjMwMDAwMDAwMDAwMCwidXBkYXRlIjoxODAwMDAwMDAwMDAwfX0=",
          "dependencies": [
            "azurerm_resource_group.rg"
          ]
        }
      ]
    }
  ],
  "check_results": null
}
